
Microsoft Visual Studio Solution File, Format Version 12.00
# Visual Studio 15
VisualStudioVersion = 15.0.28307.1340
MinimumVisualStudioVersion = 10.0.40219.1
Project("{FAE04EC0-301F-11D3-BF4B-00C04F79EFBC}") = "Udemy.NlogInceleme.FileLoglama", "Udemy.NlogInceleme.FileLoglama\Udemy.NlogInceleme.FileLoglama.csproj", "{76CB5109-E3DD-459A-AE53-F77AA7C0D404}"
EndProject
Project("{FAE04EC0-301F-11D3-BF4B-00C04F79EFBC}") = "UdemyNlogIncelemeDatabase", "UdemyNlogIncelemeDatabase\UdemyNlogIncelemeDatabase.csproj", "{31F8F9B7-C743-4C49-82E2-165EF893BB12}"
EndProject
Global
	GlobalSection(SolutionConfigurationPlatforms) = preSolution
		Debug|Any CPU = Debug|Any CPU
		Release|Any CPU = Release|Any CPU
	EndGlobalSection
	GlobalSection(ProjectConfigurationPlatforms) = postSolution
		{76CB5109-E3DD-459A-AE53-F77AA7C0D404}.Debug|Any CPU.ActiveCfg = Debug|Any CPU
		{76CB5109-E3DD-459A-AE53-F77AA7C0D404}.Debug|Any CPU.Build.0 = Debug|Any CPU
		{76CB5109-E3DD-459A-AE53-F77AA7C0D404}.Release|Any CPU.ActiveCfg = Release|Any CPU
		{76CB5109-E3DD-459A-AE53-F77AA7C0D404}.Release|Any CPU.Build.0 = Release|Any CPU
		{31F8F9B7-C743-4C49-82E2-165EF893BB12}.Debug|Any CPU.ActiveCfg = Debug|Any CPU
		{31F8F9B7-C743-4C49-82E2-165EF893BB12}.Debug|Any CPU.Build.0 = Debug|Any CPU
		{31F8F9B7-C743-4C49-82E2-165EF893BB12}.Release|Any CPU.ActiveCfg = Release|Any CPU
		{31F8F9B7-C743-4C49-82E2-165EF893BB12}.Release|Any CPU.Build.0 = Release|Any CPU
	EndGlobalSection
	GlobalSection(SolutionProperties) = preSolution
		HideSolutionNode = FALSE
	EndGlobalSection
	GlobalSection(ExtensibilityGlobals) = postSolution
		SolutionGuid = {C948DF0F-EAF3-418A-A0EF-3A845BC8EA79}
	EndGlobalSection
EndGlobal
